// !$*UTF8*$!
{
	archiveVersion = 1;
	classes = {
	};
	objectVersion = 46;
	objects = {

/* Begin PBXBuildFile section */
		634B4E441DB012B500FEC690 /* EnrolledCourse.m in Sources */ = {isa = PBXBuildFile; fileRef = 634B4E431DB012B500FEC690 /* EnrolledCourse.m */; };
		6361E1101DAD356F00A54376 /* CourseDetailViewController.m in Sources */ = {isa = PBXBuildFile; fileRef = 6361E10E1DAD356F00A54376 /* CourseDetailViewController.m */; };
		63B75F0D1DABF74A0060C401 /* main.m in Sources */ = {isa = PBXBuildFile; fileRef = 63B75F0C1DABF74A0060C401 /* main.m */; };
		63B75F101DABF74A0060C401 /* AppDelegate.m in Sources */ = {isa = PBXBuildFile; fileRef = 63B75F0F1DABF74A0060C401 /* AppDelegate.m */; };
		63B75F131DABF74A0060C401 /* CoursesViewController.m in Sources */ = {isa = PBXBuildFile; fileRef = 63B75F121DABF74A0060C401 /* CoursesViewController.m */; };
		63B75F161DABF74A0060C401 /* StudentsViewController.m in Sources */ = {isa = PBXBuildFile; fileRef = 63B75F151DABF74A0060C401 /* StudentsViewController.m */; };
		63B75F191DABF74A0060C401 /* Main.storyboard in Resources */ = {isa = PBXBuildFile; fileRef = 63B75F171DABF74A0060C401 /* Main.storyboard */; };
		63B75F1B1DABF74A0060C401 /* Assets.xcassets in Resources */ = {isa = PBXBuildFile; fileRef = 63B75F1A1DABF74A0060C401 /* Assets.xcassets */; };
		63B75F1E1DABF74A0060C401 /* LaunchScreen.storyboard in Resources */ = {isa = PBXBuildFile; fileRef = 63B75F1C1DABF74A0060C401 /* LaunchScreen.storyboard */; };
		63B75F291DACC9210060C401 /* Course.m in Sources */ = {isa = PBXBuildFile; fileRef = 63B75F281DACC9210060C401 /* Course.m */; };
		63D519C41DAEB7E500DE6C6D /* Student.m in Sources */ = {isa = PBXBuildFile; fileRef = 63D519C31DAEB7E500DE6C6D /* Student.m */; };
		63D519C71DAF12A300DE6C6D /* StudentDetailViewController.m in Sources */ = {isa = PBXBuildFile; fileRef = 63D519C61DAF12A300DE6C6D /* StudentDetailViewController.m */; };
/* End PBXBuildFile section */

/* Begin PBXFileReference section */
		634B4E421DB012B500FEC690 /* EnrolledCourse.h */ = {isa = PBXFileReference; fileEncoding = 4; lastKnownFileType = sourcecode.c.h; path = EnrolledCourse.h; sourceTree = "<group>"; };
		634B4E431DB012B500FEC690 /* EnrolledCourse.m */ = {isa = PBXFileReference; fileEncoding = 4; lastKnownFileType = sourcecode.c.objc; path = EnrolledCourse.m; sourceTree = "<group>"; };
		6361E10D1DAD356F00A54376 /* CourseDetailViewController.h */ = {isa = PBXFileReference; fileEncoding = 4; lastKnownFileType = sourcecode.c.h; path = CourseDetailViewController.h; sourceTree = "<group>"; };
		6361E10E1DAD356F00A54376 /* CourseDetailViewController.m */ = {isa = PBXFileReference; fileEncoding = 4; lastKnownFileType = sourcecode.c.objc; path = CourseDetailViewController.m; sourceTree = "<group>"; };
		63B75F081DABF7490060C401 /* Assignment2.app */ = {isa = PBXFileReference; explicitFileType = wrapper.application; includeInIndex = 0; path = Assignment2.app; sourceTree = BUILT_PRODUCTS_DIR; };
		63B75F0C1DABF74A0060C401 /* main.m */ = {isa = PBXFileReference; lastKnownFileType = sourcecode.c.objc; path = main.m; sourceTree = "<group>"; };
		63B75F0E1DABF74A0060C401 /* AppDelegate.h */ = {isa = PBXFileReference; lastKnownFileType = sourcecode.c.h; path = AppDelegate.h; sourceTree = "<group>"; };
		63B75F0F1DABF74A0060C401 /* AppDelegate.m */ = {isa = PBXFileReference; lastKnownFileType = sourcecode.c.objc; path = AppDelegate.m; sourceTree = "<group>"; };
		63B75F111DABF74A0060C401 /* CoursesViewController.h */ = {isa = PBXFileReference; lastKnownFileType = sourcecode.c.h; path = CoursesViewController.h; sourceTree = "<group>"; };
		63B75F121DABF74A0060C401 /* CoursesViewController.m */ = {isa = PBXFileReference; lastKnownFileType = sourcecode.c.objc; path = CoursesViewController.m; sourceTree = "<group>"; };
		63B75F141DABF74A0060C401 /* StudentsViewController.h */ = {isa = PBXFileReference; lastKnownFileType = sourcecode.c.h; path = StudentsViewController.h; sourceTree = "<group>"; };
		63B75F151DABF74A0060C401 /* StudentsViewController.m */ = {isa = PBXFileReference; lastKnownFileType = sourcecode.c.objc; path = StudentsViewController.m; sourceTree = "<group>"; };
		63B75F181DABF74A0060C401 /* Base */ = {isa = PBXFileReference; lastKnownFileType = file.storyboard; name = Base; path = Base.lproj/Main.storyboard; sourceTree = "<group>"; };
		63B75F1A1DABF74A0060C401 /* Assets.xcassets */ = {isa = PBXFileReference; lastKnownFileType = folder.assetcatalog; path = Assets.xcassets; sourceTree = "<group>"; };
		63B75F1D1DABF74A0060C401 /* Base */ = {isa = PBXFileReference; lastKnownFileType = file.storyboard; name = Base; path = Base.lproj/LaunchScreen.storyboard; sourceTree = "<group>"; };
		63B75F1F1DABF74A0060C401 /* Info.plist */ = {isa = PBXFileReference; lastKnownFileType = text.plist.xml; path = Info.plist; sourceTree = "<group>"; };
		63B75F271DACC9210060C401 /* Course.h */ = {isa = PBXFileReference; fileEncoding = 4; lastKnownFileType = sourcecode.c.h; path = Course.h; sourceTree = "<group>"; };
		63B75F281DACC9210060C401 /* Course.m */ = {isa = PBXFileReference; fileEncoding = 4; lastKnownFileType = sourcecode.c.objc; path = Course.m; sourceTree = "<group>"; };
		63D519C21DAEB7E500DE6C6D /* Student.h */ = {isa = PBXFileReference; fileEncoding = 4; lastKnownFileType = sourcecode.c.h; path = Student.h; sourceTree = "<group>"; };
		63D519C31DAEB7E500DE6C6D /* Student.m */ = {isa = PBXFileReference; fileEncoding = 4; lastKnownFileType = sourcecode.c.objc; path = Student.m; sourceTree = "<group>"; };
		63D519C51DAF12A300DE6C6D /* StudentDetailViewController.h */ = {isa = PBXFileReference; fileEncoding = 4; lastKnownFileType = sourcecode.c.h; path = StudentDetailViewController.h; sourceTree = "<group>"; };
		63D519C61DAF12A300DE6C6D /* StudentDetailViewController.m */ = {isa = PBXFileReference; fileEncoding = 4; lastKnownFileType = sourcecode.c.objc; path = StudentDetailViewController.m; sourceTree = "<group>"; };
/* End PBXFileReference section */

/* Begin PBXFrameworksBuildPhase section */
		63B75F051DABF7490060C401 /* Frameworks */ = {
			isa = PBXFrameworksBuildPhase;
			buildActionMask = 2147483647;
			files = (
			);
			runOnlyForDeploymentPostprocessing = 0;
		};
/* End PBXFrameworksBuildPhase section */

/* Begin PBXGroup section */
		63B75EFF1DABF7490060C401 = {
			isa = PBXGroup;
			children = (
				63B75F0A1DABF74A0060C401 /* Assignment2 */,
				63B75F091DABF7490060C401 /* Products */,
			);
			sourceTree = "<group>";
		};
		63B75F091DABF7490060C401 /* Products */ = {
			isa = PBXGroup;
			children = (
				63B75F081DABF7490060C401 /* Assignment2.app */,
			);
			name = Products;
			sourceTree = "<group>";
		};
		63B75F0A1DABF74A0060C401 /* Assignment2 */ = {
			isa = PBXGroup;
			children = (
				63B75F261DABF9810060C401 /* Controllers */,
				63B75F251DABF97A0060C401 /* Models */,
				63B75F0E1DABF74A0060C401 /* AppDelegate.h */,
				63B75F0F1DABF74A0060C401 /* AppDelegate.m */,
				63B75F171DABF74A0060C401 /* Main.storyboard */,
				63B75F1A1DABF74A0060C401 /* Assets.xcassets */,
				63B75F1C1DABF74A0060C401 /* LaunchScreen.storyboard */,
				63B75F1F1DABF74A0060C401 /* Info.plist */,
				63B75F0B1DABF74A0060C401 /* Supporting Files */,
			);
			path = Assignment2;
			sourceTree = "<group>";
		};
		63B75F0B1DABF74A0060C401 /* Supporting Files */ = {
			isa = PBXGroup;
			children = (
				63B75F0C1DABF74A0060C401 /* main.m */,
			);
			name = "Supporting Files";
			sourceTree = "<group>";
		};
		63B75F251DABF97A0060C401 /* Models */ = {
			isa = PBXGroup;
			children = (
				63B75F271DACC9210060C401 /* Course.h */,
				63B75F281DACC9210060C401 /* Course.m */,
				63D519C21DAEB7E500DE6C6D /* Student.h */,
				63D519C31DAEB7E500DE6C6D /* Student.m */,
				634B4E421DB012B500FEC690 /* EnrolledCourse.h */,
				634B4E431DB012B500FEC690 /* EnrolledCourse.m */,
			);
			name = Models;
			sourceTree = "<group>";
		};
		63B75F261DABF9810060C401 /* Controllers */ = {
			isa = PBXGroup;
			children = (
				63B75F111DABF74A0060C401 /* CoursesViewController.h */,
				63B75F121DABF74A0060C401 /* CoursesViewController.m */,
				6361E10D1DAD356F00A54376 /* CourseDetailViewController.h */,
				6361E10E1DAD356F00A54376 /* CourseDetailViewController.m */,
				63B75F141DABF74A0060C401 /* StudentsViewController.h */,
				63B75F151DABF74A0060C401 /* StudentsViewController.m */,
				63D519C51DAF12A300DE6C6D /* StudentDetailViewController.h */,
				63D519C61DAF12A300DE6C6D /* StudentDetailViewController.m */,
			);
			name = Controllers;
			sourceTree = "<group>";
		};
/* End PBXGroup section */

/* Begin PBXNativeTarget section */
		63B75F071DABF7490060C401 /* Assignment2 */ = {
			isa = PBXNativeTarget;
			buildConfigurationList = 63B75F221DABF74A0060C401 /* Build configuration list for PBXNativeTarget "Assignment2" */;
			buildPhases = (
				63B75F041DABF7490060C401 /* Sources */,
				63B75F051DABF7490060C401 /* Frameworks */,
				63B75F061DABF7490060C401 /* Resources */,
			);
			buildRules = (
			);
			dependencies = (
			);
			name = Assignment2;
			productName = Assignment2;
			productReference = 63B75F081DABF7490060C401 /* Assignment2.app */;
			productType = "com.apple.product-type.application";
		};
/* End PBXNativeTarget section */

/* Begin PBXProject section */
		63B75F001DABF7490060C401 /* Project object */ = {
			isa = PBXProject;
			attributes = {
				LastUpgradeCheck = 0730;
				ORGANIZATIONNAME = "David Dang";
				TargetAttributes = {
					63B75F071DABF7490060C401 = {
						CreatedOnToolsVersion = 7.3.1;
						DevelopmentTeam = Q33B87J62M;
					};
				};
			};
			buildConfigurationList = 63B75F031DABF7490060C401 /* Build configuration list for PBXProject "Assignment2" */;
			compatibilityVersion = "Xcode 3.2";
			developmentRegion = English;
			hasScannedForEncodings = 0;
			knownRegions = (
				en,
				Base,
			);
			mainGroup = 63B75EFF1DABF7490060C401;
			productRefGroup = 63B75F091DABF7490060C401 /* Products */;
			projectDirPath = "";
			projectRoot = "";
			targets = (
				63B75F071DABF7490060C401 /* Assignment2 */,
			);
		};
/* End PBXProject section */

/* Begin PBXResourcesBuildPhase section */
		63B75F061DABF7490060C401 /* Resources */ = {
			isa = PBXResourcesBuildPhase;
			buildActionMask = 2147483647;
			files = (
				63B75F1E1DABF74A0060C401 /* LaunchScreen.storyboard in Resources */,
				63B75F1B1DABF74A0060C401 /* Assets.xcassets in Resources */,
				63B75F191DABF74A0060C401 /* Main.storyboard in Resources */,
			);
			runOnlyForDeploymentPostprocessing = 0;
		};
/* End PBXResourcesBuildPhase section */

/* Begin PBXSourcesBuildPhase section */
		63B75F041DABF7490060C401 /* Sources */ = {
			isa = PBXSourcesBuildPhase;
			buildActionMask = 2147483647;
			files = (
				63B75F161DABF74A0060C401 /* StudentsViewController.m in Sources */,
				63D519C71DAF12A300DE6C6D /* StudentDetailViewController.m in Sources */,
				63B75F101DABF74A0060C401 /* AppDelegate.m in Sources */,
				63B75F131DABF74A0060C401 /* CoursesViewController.m in Sources */,
				63B75F0D1DABF74A0060C401 /* main.m in Sources */,
				63D519C41DAEB7E500DE6C6D /* Student.m in Sources */,
				6361E1101DAD356F00A54376 /* CourseDetailViewController.m in Sources */,
				634B4E441DB012B500FEC690 /* EnrolledCourse.m in Sources */,
				63B75F291DACC9210060C401 /* Course.m in Sources */,
			);
			runOnlyForDeploymentPostprocessing = 0;
		};
/* End PBXSourcesBuildPhase section */

/* Begin PBXVariantGroup section */
		63B75F171DABF74A0060C401 /* Main.storyboard */ = {
			isa = PBXVariantGroup;
			children = (
				63B75F181DABF74A0060C401 /* Base */,
			);
			name = Main.storyboard;
			sourceTree = "<group>";
		};
		63B75F1C1DABF74A0060C401 /* LaunchScreen.storyboard */ = {
			isa = PBXVariantGroup;
			children = (
				63B75F1D1DABF74A0060C401 /* Base */,
			);
			name = LaunchScreen.storyboard;
			sourceTree = "<group>";
		};
/* End PBXVariantGroup section */

/* Begin XCBuildConfiguration section */
		63B75F201DABF74A0060C401 /* Debug */ = {
			isa = XCBuildConfiguration;
			buildSettings = {
				ALWAYS_SEARCH_USER_PATHS = NO;
				CLANG_ANALYZER_NONNULL = YES;
				CLANG_CXX_LANGUAGE_STANDARD = "gnu++0x";
				CLANG_CXX_LIBRARY = "libc++";
				CLANG_ENABLE_MODULES = YES;
				CLANG_ENABLE_OBJC_ARC = YES;
				CLANG_WARN_BOOL_CONVERSION = YES;
				CLANG_WARN_CONSTANT_CONVERSION = YES;
				CLANG_WARN_DIRECT_OBJC_ISA_USAGE = YES_ERROR;
				CLANG_WARN_EMPTY_BODY = YES;
				CLANG_WARN_ENUM_CONVERSION = YES;
				CLANG_WARN_INT_CONVERSION = YES;
				CLANG_WARN_OBJC_ROOT_CLASS = YES_ERROR;
				CLANG_WARN_UNREACHABLE_CODE = YES;
				CLANG_WARN__DUPLICATE_METHOD_MATCH = YES;
				"CODE_SIGN_IDENTITY[sdk=iphoneos*]" = "iPhone Developer";
				COPY_PHASE_STRIP = NO;
				DEBUG_INFORMATION_FORMAT = dwarf;
				ENABLE_STRICT_OBJC_MSGSEND = YES;
				ENABLE_TESTABILITY = YES;
				GCC_C_LANGUAGE_STANDARD = gnu99;
				GCC_DYNAMIC_NO_PIC = NO;
				GCC_NO_COMMON_BLOCKS = YES;
				GCC_OPTIMIZATION_LEVEL = 0;
				GCC_PREPROCESSOR_DEFINITIONS = (
					"DEBUG=1",
					"$(inherited)",
				);
				GCC_WARN_64_TO_32_BIT_CONVERSION = YES;
				GCC_WARN_ABOUT_RETURN_TYPE = YES_ERROR;
				GCC_WARN_UNDECLARED_SELECTOR = YES;
				GCC_WARN_UNINITIALIZED_AUTOS = YES_AGGRESSIVE;
				GCC_WARN_UNUSED_FUNCTION = YES;
				GCC_WARN_UNUSED_VARIABLE = YES;
				IPHONEOS_DEPLOYMENT_TARGET = 9.3;
				MTL_ENABLE_DEBUG_INFO = YES;
				ONLY_ACTIVE_ARCH = YES;
				SDKROOT = iphoneos;
				TARGETED_DEVICE_FAMILY = "1,2";
			};
			name = Debug;
		};
		63B75F211DABF74A0060C401 /* Release */ = {
			isa = XCBuildConfiguration;
			buildSettings = {
				ALWAYS_SEARCH_USER_PATHS = NO;
				CLANG_ANALYZER_NONNULL = YES;
				CLANG_CXX_LANGUAGE_STANDARD = "gnu++0x";
				CLANG_CXX_LIBRARY = "libc++";
				CLANG_ENABLE_MODULES = YES;
				CLANG_ENABLE_OBJC_ARC = YES;
				CLANG_WARN_BOOL_CONVERSION = YES;
				CLANG_WARN_CONSTANT_CONVERSION = YES;
				CLANG_WARN_DIRECT_OBJC_ISA_USAGE = YES_ERROR;
				CLANG_WARN_EMPTY_BODY = YES;
				CLANG_WARN_ENUM_CONVERSION = YES;
				CLANG_WARN_INT_CONVERSION = YES;
				CLANG_WARN_OBJC_ROOT_CLASS = YES_ERROR;
				CLANG_WARN_UNREACHABLE_CODE = YES;
				CLANG_WARN__DUPLICATE_METHOD_MATCH = YES;
				"CODE_SIGN_IDENTITY[sdk=iphoneos*]" = "iPhone Developer";
				COPY_PHASE_STRIP = NO;
				DEBUG_INFORMATION_FORMAT = "dwarf-with-dsym";
				ENABLE_NS_ASSERTIONS = NO;
				ENABLE_STRICT_OBJC_MSGSEND = YES;
				GCC_C_LANGUAGE_STANDARD = gnu99;
				GCC_NO_COMMON_BLOCKS = YES;
				GCC_WARN_64_TO_32_BIT_CONVERSION = YES;
				GCC_WARN_ABOUT_RETURN_TYPE = YES_ERROR;
				GCC_WARN_UNDECLARED_SELECTOR = YES;
				GCC_WARN_UNINITIALIZED_AUTOS = YES_AGGRESSIVE;
				GCC_WARN_UNUSED_FUNCTION = YES;
				GCC_WARN_UNUSED_VARIABLE = YES;
				IPHONEOS_DEPLOYMENT_TARGET = 9.3;
				MTL_ENABLE_DEBUG_INFO = NO;
				SDKROOT = iphoneos;
				TARGETED_DEVICE_FAMILY = "1,2";
				VALIDATE_PRODUCT = YES;
			};
			name = Release;
		};
		63B75F231DABF74A0060C401 /* Debug */ = {
			isa = XCBuildConfiguration;
			buildSettings = {
				ASSETCATALOG_COMPILER_APPICON_NAME = AppIcon;
				INFOPLIST_FILE = Assignment2/Info.plist;
				LD_RUNPATH_SEARCH_PATHS = "$(inherited) @executable_path/Frameworks";
				PRODUCT_BUNDLE_IDENTIFIER = David.Dang.Assignment2;
				PRODUCT_NAME = "$(TARGET_NAME)";
			};
			name = Debug;
		};
		63B75F241DABF74A0060C401 /* Release */ = {
			isa = XCBuildConfiguration;
			buildSettings = {
				ASSETCATALOG_COMPILER_APPICON_NAME = AppIcon;
				INFOPLIST_FILE = Assignment2/Info.plist;
				LD_RUNPATH_SEARCH_PATHS = "$(inherited) @executable_path/Frameworks";
				PRODUCT_BUNDLE_IDENTIFIER = David.Dang.Assignment2;
				PRODUCT_NAME = "$(TARGET_NAME)";
			};
			name = Release;
		};
/* End XCBuildConfiguration section */

/* Begin XCConfigurationList section */
		63B75F031DABF7490060C401 /* Build configuration list for PBXProject "Assignment2" */ = {
			isa = XCConfigurationList;
			buildConfigurations = (
				63B75F201DABF74A0060C401 /* Debug */,
				63B75F211DABF74A0060C401 /* Release */,
			);
			defaultConfigurationIsVisible = 0;
			defaultConfigurationName = Release;
		};
		63B75F221DABF74A0060C401 /* Build configuration list for PBXNativeTarget "Assignment2" */ = {
			isa = XCConfigurationList;
			buildConfigurations = (
				63B75F231DABF74A0060C401 /* Debug */,
				63B75F241DABF74A0060C401 /* Release */,
			);
			defaultConfigurationIsVisible = 0;
			defaultConfigurationName = Release;
		};
/* End XCConfigurationList section */
	};
	rootObject = 63B75F001DABF7490060C401 /* Project object */;
}
